
Microsoft Visual Studio Solution File, Format Version 12.00
# Visual Studio Version 17
VisualStudioVersion = 17.3.32929.385
MinimumVisualStudioVersion = 10.0.40219.1
Project("{FAE04EC0-301F-11D3-BF4B-00C04F79EFBC}") = "PracticeJapnaese", "PracticeJapnaese\PracticeJapnaese.csproj", "{F46689AC-57A6-4F90-B46D-C320BA10DF54}"
EndProject
Global
	GlobalSection(SolutionConfigurationPlatforms) = preSolution
		Debug|Any CPU = Debug|Any CPU
		Release|Any CPU = Release|Any CPU
	EndGlobalSection
	GlobalSection(ProjectConfigurationPlatforms) = postSolution
		{F46689AC-57A6-4F90-B46D-C320BA10DF54}.Debug|Any CPU.ActiveCfg = Debug|Any CPU
		{F46689AC-57A6-4F90-B46D-C320BA10DF54}.Debug|Any CPU.Build.0 = Debug|Any CPU
		{F46689AC-57A6-4F90-B46D-C320BA10DF54}.Release|Any CPU.ActiveCfg = Release|Any CPU
		{F46689AC-57A6-4F90-B46D-C320BA10DF54}.Release|Any CPU.Build.0 = Release|Any CPU
	EndGlobalSection
	GlobalSection(SolutionProperties) = preSolution
		HideSolutionNode = FALSE
	EndGlobalSection
	GlobalSection(ExtensibilityGlobals) = postSolution
		SolutionGuid = {CBF97443-88DB-44B3-99F2-C76DFAB10CC6}
	EndGlobalSection
EndGlobal
